// !$*UTF8*$!
{
	archiveVersion = 1;
	classes = {
	};
	objectVersion = 50;
	objects = {

/* Begin PBXBuildFile section */
		39A0E21425CBCE5A0054A186 /* main.mm in Sources */ = {isa = PBXBuildFile; fileRef = 39A0E21325CBCE5A0054A186 /* main.mm */; };
		39A0E21D25CBCE990054A186 /* libobjc.A.dylib in Frameworks */ = {isa = PBXBuildFile; fileRef = 39A0E21C25CBCE990054A186 /* libobjc.A.dylib */; };
		39A0E22825CBD04B0054A186 /* Person.m in Sources */ = {isa = PBXBuildFile; fileRef = 39A0E22725CBD04B0054A186 /* Person.m */; };
		39A0E25025CC0B3E0054A186 /* WeakObj.m in Sources */ = {isa = PBXBuildFile; fileRef = 39A0E24F25CC0B3E0054A186 /* WeakObj.m */; };
		39A0E25425CC0B7D0054A186 /* Dog.m in Sources */ = {isa = PBXBuildFile; fileRef = 39A0E25325CC0B7D0054A186 /* Dog.m */; };
/* End PBXBuildFile section */

/* Begin PBXCopyFilesBuildPhase section */
		39A0E20E25CBCE5A0054A186 /* CopyFiles */ = {
			isa = PBXCopyFilesBuildPhase;
			buildActionMask = 2147483647;
			dstPath = /usr/share/man/man1/;
			dstSubfolderSpec = 0;
			files = (
			);
			runOnlyForDeploymentPostprocessing = 1;
		};
/* End PBXCopyFilesBuildPhase section */

/* Begin PBXFileReference section */
		39A0E21025CBCE5A0054A186 /* objc-debug */ = {isa = PBXFileReference; explicitFileType = "compiled.mach-o.executable"; includeInIndex = 0; path = "objc-debug"; sourceTree = BUILT_PRODUCTS_DIR; };
		39A0E21325CBCE5A0054A186 /* main.mm */ = {isa = PBXFileReference; lastKnownFileType = sourcecode.cpp.objcpp; path = main.mm; sourceTree = "<group>"; };
		39A0E21C25CBCE990054A186 /* libobjc.A.dylib */ = {isa = PBXFileReference; explicitFileType = "compiled.mach-o.dylib"; path = libobjc.A.dylib; sourceTree = BUILT_PRODUCTS_DIR; };
		39A0E22625CBD04B0054A186 /* Person.h */ = {isa = PBXFileReference; lastKnownFileType = sourcecode.c.h; path = Person.h; sourceTree = "<group>"; };
		39A0E22725CBD04B0054A186 /* Person.m */ = {isa = PBXFileReference; lastKnownFileType = sourcecode.c.objc; path = Person.m; sourceTree = "<group>"; };
		39A0E24525CBEACD0054A186 /* PersonProtocol.h */ = {isa = PBXFileReference; lastKnownFileType = sourcecode.c.h; path = PersonProtocol.h; sourceTree = "<group>"; };
		39A0E24E25CC0B3E0054A186 /* WeakObj.h */ = {isa = PBXFileReference; lastKnownFileType = sourcecode.c.h; path = WeakObj.h; sourceTree = "<group>"; };
		39A0E24F25CC0B3E0054A186 /* WeakObj.m */ = {isa = PBXFileReference; lastKnownFileType = sourcecode.c.objc; path = WeakObj.m; sourceTree = "<group>"; };
		39A0E25225CC0B7D0054A186 /* Dog.h */ = {isa = PBXFileReference; lastKnownFileType = sourcecode.c.h; path = Dog.h; sourceTree = "<group>"; };
		39A0E25325CC0B7D0054A186 /* Dog.m */ = {isa = PBXFileReference; lastKnownFileType = sourcecode.c.objc; path = Dog.m; sourceTree = "<group>"; };
/* End PBXFileReference section */

/* Begin PBXFrameworksBuildPhase section */
		39A0E20D25CBCE5A0054A186 /* Frameworks */ = {
			isa = PBXFrameworksBuildPhase;
			buildActionMask = 2147483647;
			files = (
				39A0E21D25CBCE990054A186 /* libobjc.A.dylib in Frameworks */,
			);
			runOnlyForDeploymentPostprocessing = 0;
		};
/* End PBXFrameworksBuildPhase section */

/* Begin PBXGroup section */
		39A0E20725CBCE5A0054A186 = {
			isa = PBXGroup;
			children = (
				39A0E21225CBCE5A0054A186 /* objc-debug */,
				39A0E21125CBCE5A0054A186 /* Products */,
				39A0E21B25CBCE990054A186 /* Frameworks */,
			);
			sourceTree = "<group>";
		};
		39A0E21125CBCE5A0054A186 /* Products */ = {
			isa = PBXGroup;
			children = (
				39A0E21025CBCE5A0054A186 /* objc-debug */,
			);
			name = Products;
			sourceTree = "<group>";
		};
		39A0E21225CBCE5A0054A186 /* objc-debug */ = {
			isa = PBXGroup;
			children = (
				39A0E24525CBEACD0054A186 /* PersonProtocol.h */,
				39A0E21325CBCE5A0054A186 /* main.mm */,
				39A0E22625CBD04B0054A186 /* Person.h */,
				39A0E22725CBD04B0054A186 /* Person.m */,
				39A0E24E25CC0B3E0054A186 /* WeakObj.h */,
				39A0E24F25CC0B3E0054A186 /* WeakObj.m */,
				39A0E25225CC0B7D0054A186 /* Dog.h */,
				39A0E25325CC0B7D0054A186 /* Dog.m */,
			);
			path = "objc-debug";
			sourceTree = "<group>";
		};
		39A0E21B25CBCE990054A186 /* Frameworks */ = {
			isa = PBXGroup;
			children = (
				39A0E21C25CBCE990054A186 /* libobjc.A.dylib */,
			);
			name = Frameworks;
			sourceTree = "<group>";
		};
/* End PBXGroup section */

/* Begin PBXNativeTarget section */
		39A0E20F25CBCE5A0054A186 /* objc-debug */ = {
			isa = PBXNativeTarget;
			buildConfigurationList = 39A0E21725CBCE5A0054A186 /* Build configuration list for PBXNativeTarget "objc-debug" */;
			buildPhases = (
				39A0E20C25CBCE5A0054A186 /* Sources */,
				39A0E20D25CBCE5A0054A186 /* Frameworks */,
				39A0E20E25CBCE5A0054A186 /* CopyFiles */,
			);
			buildRules = (
			);
			dependencies = (
			);
			name = "objc-debug";
			productName = "objc-debug";
			productReference = 39A0E21025CBCE5A0054A186 /* objc-debug */;
			productType = "com.apple.product-type.tool";
		};
/* End PBXNativeTarget section */

/* Begin PBXProject section */
		39A0E20825CBCE5A0054A186 /* Project object */ = {
			isa = PBXProject;
			attributes = {
				LastUpgradeCheck = 1240;
				TargetAttributes = {
					39A0E20F25CBCE5A0054A186 = {
						CreatedOnToolsVersion = 12.4;
					};
				};
			};
			buildConfigurationList = 39A0E20B25CBCE5A0054A186 /* Build configuration list for PBXProject "objc-debug" */;
			compatibilityVersion = "Xcode 9.3";
			developmentRegion = en;
			hasScannedForEncodings = 0;
			knownRegions = (
				en,
				Base,
			);
			mainGroup = 39A0E20725CBCE5A0054A186;
			productRefGroup = 39A0E21125CBCE5A0054A186 /* Products */;
			projectDirPath = "";
			projectRoot = "";
			targets = (
				39A0E20F25CBCE5A0054A186 /* objc-debug */,
			);
		};
/* End PBXProject section */

/* Begin PBXSourcesBuildPhase section */
		39A0E20C25CBCE5A0054A186 /* Sources */ = {
			isa = PBXSourcesBuildPhase;
			buildActionMask = 2147483647;
			files = (
				39A0E25025CC0B3E0054A186 /* WeakObj.m in Sources */,
				39A0E22825CBD04B0054A186 /* Person.m in Sources */,
				39A0E25425CC0B7D0054A186 /* Dog.m in Sources */,
				39A0E21425CBCE5A0054A186 /* main.mm in Sources */,
			);
			runOnlyForDeploymentPostprocessing = 0;
		};
/* End PBXSourcesBuildPhase section */

/* Begin XCBuildConfiguration section */
		39A0E21525CBCE5A0054A186 /* Debug */ = {
			isa = XCBuildConfiguration;
			buildSettings = {
				ALWAYS_SEARCH_USER_PATHS = NO;
				CLANG_ANALYZER_NONNULL = YES;
				CLANG_ANALYZER_NUMBER_OBJECT_CONVERSION = YES_AGGRESSIVE;
				CLANG_CXX_LANGUAGE_STANDARD = "gnu++14";
				CLANG_CXX_LIBRARY = "libc++";
				CLANG_ENABLE_MODULES = YES;
				CLANG_ENABLE_OBJC_ARC = YES;
				CLANG_ENABLE_OBJC_WEAK = YES;
				CLANG_WARN_BLOCK_CAPTURE_AUTORELEASING = YES;
				CLANG_WARN_BOOL_CONVERSION = YES;
				CLANG_WARN_COMMA = YES;
				CLANG_WARN_CONSTANT_CONVERSION = YES;
				CLANG_WARN_DEPRECATED_OBJC_IMPLEMENTATIONS = YES;
				CLANG_WARN_DIRECT_OBJC_ISA_USAGE = YES_ERROR;
				CLANG_WARN_DOCUMENTATION_COMMENTS = YES;
				CLANG_WARN_EMPTY_BODY = YES;
				CLANG_WARN_ENUM_CONVERSION = YES;
				CLANG_WARN_INFINITE_RECURSION = YES;
				CLANG_WARN_INT_CONVERSION = YES;
				CLANG_WARN_NON_LITERAL_NULL_CONVERSION = YES;
				CLANG_WARN_OBJC_IMPLICIT_RETAIN_SELF = YES;
				CLANG_WARN_OBJC_LITERAL_CONVERSION = YES;
				CLANG_WARN_OBJC_ROOT_CLASS = YES_ERROR;
				CLANG_WARN_QUOTED_INCLUDE_IN_FRAMEWORK_HEADER = YES;
				CLANG_WARN_RANGE_LOOP_ANALYSIS = YES;
				CLANG_WARN_STRICT_PROTOTYPES = YES;
				CLANG_WARN_SUSPICIOUS_MOVE = YES;
				CLANG_WARN_UNGUARDED_AVAILABILITY = YES_AGGRESSIVE;
				CLANG_WARN_UNREACHABLE_CODE = YES;
				CLANG_WARN__DUPLICATE_METHOD_MATCH = YES;
				COPY_PHASE_STRIP = NO;
				DEBUG_INFORMATION_FORMAT = dwarf;
				ENABLE_STRICT_OBJC_MSGSEND = YES;
				ENABLE_TESTABILITY = YES;
				GCC_C_LANGUAGE_STANDARD = gnu11;
				GCC_DYNAMIC_NO_PIC = NO;
				GCC_NO_COMMON_BLOCKS = YES;
				GCC_OPTIMIZATION_LEVEL = 0;
				GCC_PREPROCESSOR_DEFINITIONS = (
					"DEBUG=1",
					"$(inherited)",
				);
				GCC_WARN_64_TO_32_BIT_CONVERSION = YES;
				GCC_WARN_ABOUT_RETURN_TYPE = YES_ERROR;
				GCC_WARN_UNDECLARED_SELECTOR = YES;
				GCC_WARN_UNINITIALIZED_AUTOS = YES_AGGRESSIVE;
				GCC_WARN_UNUSED_FUNCTION = YES;
				GCC_WARN_UNUSED_VARIABLE = YES;
				MACOSX_DEPLOYMENT_TARGET = 11.1;
				MTL_ENABLE_DEBUG_INFO = INCLUDE_SOURCE;
				MTL_FAST_MATH = YES;
				ONLY_ACTIVE_ARCH = YES;
				SDKROOT = macosx;
			};
			name = Debug;
		};
		39A0E21625CBCE5A0054A186 /* Release */ = {
			isa = XCBuildConfiguration;
			buildSettings = {
				ALWAYS_SEARCH_USER_PATHS = NO;
				CLANG_ANALYZER_NONNULL = YES;
				CLANG_ANALYZER_NUMBER_OBJECT_CONVERSION = YES_AGGRESSIVE;
				CLANG_CXX_LANGUAGE_STANDARD = "gnu++14";
				CLANG_CXX_LIBRARY = "libc++";
				CLANG_ENABLE_MODULES = YES;
				CLANG_ENABLE_OBJC_ARC = YES;
				CLANG_ENABLE_OBJC_WEAK = YES;
				CLANG_WARN_BLOCK_CAPTURE_AUTORELEASING = YES;
				CLANG_WARN_BOOL_CONVERSION = YES;
				CLANG_WARN_COMMA = YES;
				CLANG_WARN_CONSTANT_CONVERSION = YES;
				CLANG_WARN_DEPRECATED_OBJC_IMPLEMENTATIONS = YES;
				CLANG_WARN_DIRECT_OBJC_ISA_USAGE = YES_ERROR;
				CLANG_WARN_DOCUMENTATION_COMMENTS = YES;
				CLANG_WARN_EMPTY_BODY = YES;
				CLANG_WARN_ENUM_CONVERSION = YES;
				CLANG_WARN_INFINITE_RECURSION = YES;
				CLANG_WARN_INT_CONVERSION = YES;
				CLANG_WARN_NON_LITERAL_NULL_CONVERSION = YES;
				CLANG_WARN_OBJC_IMPLICIT_RETAIN_SELF = YES;
				CLANG_WARN_OBJC_LITERAL_CONVERSION = YES;
				CLANG_WARN_OBJC_ROOT_CLASS = YES_ERROR;
				CLANG_WARN_QUOTED_INCLUDE_IN_FRAMEWORK_HEADER = YES;
				CLANG_WARN_RANGE_LOOP_ANALYSIS = YES;
				CLANG_WARN_STRICT_PROTOTYPES = YES;
				CLANG_WARN_SUSPICIOUS_MOVE = YES;
				CLANG_WARN_UNGUARDED_AVAILABILITY = YES_AGGRESSIVE;
				CLANG_WARN_UNREACHABLE_CODE = YES;
				CLANG_WARN__DUPLICATE_METHOD_MATCH = YES;
				COPY_PHASE_STRIP = NO;
				DEBUG_INFORMATION_FORMAT = "dwarf-with-dsym";
				ENABLE_NS_ASSERTIONS = NO;
				ENABLE_STRICT_OBJC_MSGSEND = YES;
				GCC_C_LANGUAGE_STANDARD = gnu11;
				GCC_NO_COMMON_BLOCKS = YES;
				GCC_WARN_64_TO_32_BIT_CONVERSION = YES;
				GCC_WARN_ABOUT_RETURN_TYPE = YES_ERROR;
				GCC_WARN_UNDECLARED_SELECTOR = YES;
				GCC_WARN_UNINITIALIZED_AUTOS = YES_AGGRESSIVE;
				GCC_WARN_UNUSED_FUNCTION = YES;
				GCC_WARN_UNUSED_VARIABLE = YES;
				MACOSX_DEPLOYMENT_TARGET = 11.1;
				MTL_ENABLE_DEBUG_INFO = NO;
				MTL_FAST_MATH = YES;
				SDKROOT = macosx;
			};
			name = Release;
		};
		39A0E21825CBCE5A0054A186 /* Debug */ = {
			isa = XCBuildConfiguration;
			buildSettings = {
				CODE_SIGN_STYLE = Automatic;
				DEVELOPMENT_TEAM = WJZNC88QV4;
				ENABLE_HARDENED_RUNTIME = NO;
				PRODUCT_NAME = "$(TARGET_NAME)";
			};
			name = Debug;
		};
		39A0E21925CBCE5A0054A186 /* Release */ = {
			isa = XCBuildConfiguration;
			buildSettings = {
				CODE_SIGN_STYLE = Automatic;
				DEVELOPMENT_TEAM = WJZNC88QV4;
				ENABLE_HARDENED_RUNTIME = NO;
				PRODUCT_NAME = "$(TARGET_NAME)";
			};
			name = Release;
		};
/* End XCBuildConfiguration section */

/* Begin XCConfigurationList section */
		39A0E20B25CBCE5A0054A186 /* Build configuration list for PBXProject "objc-debug" */ = {
			isa = XCConfigurationList;
			buildConfigurations = (
				39A0E21525CBCE5A0054A186 /* Debug */,
				39A0E21625CBCE5A0054A186 /* Release */,
			);
			defaultConfigurationIsVisible = 0;
			defaultConfigurationName = Release;
		};
		39A0E21725CBCE5A0054A186 /* Build configuration list for PBXNativeTarget "objc-debug" */ = {
			isa = XCConfigurationList;
			buildConfigurations = (
				39A0E21825CBCE5A0054A186 /* Debug */,
				39A0E21925CBCE5A0054A186 /* Release */,
			);
			defaultConfigurationIsVisible = 0;
			defaultConfigurationName = Release;
		};
/* End XCConfigurationList section */
	};
	rootObject = 39A0E20825CBCE5A0054A186 /* Project object */;
}
